
Microsoft Visual Studio Solution File, Format Version 12.00
# Visual Studio Version 17
VisualStudioVersion = 17.5.2.0
MinimumVisualStudioVersion = 10.0.40219.1
Project("{FAE04EC0-301F-11D3-BF4B-00C04F79EFBC}") = "PromptVit", "PromptVit\PromptVit.csproj", "{9E1062AF-01D3-73DB-95A8-1BC563A43327}"
EndProject
Project("{FAE04EC0-301F-11D3-BF4B-00C04F79EFBC}") = "Sample", "Sample\Sample.csproj", "{7E182019-F319-4E9E-82E0-EF6DF3582E54}"
EndProject
Global
	GlobalSection(SolutionConfigurationPlatforms) = preSolution
		Debug|Any CPU = Debug|Any CPU
		Debug|x64 = Debug|x64
		Debug|x86 = Debug|x86
		Release|Any CPU = Release|Any CPU
		Release|x64 = Release|x64
		Release|x86 = Release|x86
	EndGlobalSection
	GlobalSection(ProjectConfigurationPlatforms) = postSolution
		{9E1062AF-01D3-73DB-95A8-1BC563A43327}.Debug|Any CPU.ActiveCfg = Debug|Any CPU
		{9E1062AF-01D3-73DB-95A8-1BC563A43327}.Debug|Any CPU.Build.0 = Debug|Any CPU
		{9E1062AF-01D3-73DB-95A8-1BC563A43327}.Debug|x64.ActiveCfg = Debug|Any CPU
		{9E1062AF-01D3-73DB-95A8-1BC563A43327}.Debug|x64.Build.0 = Debug|Any CPU
		{9E1062AF-01D3-73DB-95A8-1BC563A43327}.Debug|x86.ActiveCfg = Debug|Any CPU
		{9E1062AF-01D3-73DB-95A8-1BC563A43327}.Debug|x86.Build.0 = Debug|Any CPU
		{9E1062AF-01D3-73DB-95A8-1BC563A43327}.Release|Any CPU.ActiveCfg = Release|Any CPU
		{9E1062AF-01D3-73DB-95A8-1BC563A43327}.Release|Any CPU.Build.0 = Release|Any CPU
		{9E1062AF-01D3-73DB-95A8-1BC563A43327}.Release|x64.ActiveCfg = Release|Any CPU
		{9E1062AF-01D3-73DB-95A8-1BC563A43327}.Release|x64.Build.0 = Release|Any CPU
		{9E1062AF-01D3-73DB-95A8-1BC563A43327}.Release|x86.ActiveCfg = Release|Any CPU
		{9E1062AF-01D3-73DB-95A8-1BC563A43327}.Release|x86.Build.0 = Release|Any CPU
		{7E182019-F319-4E9E-82E0-EF6DF3582E54}.Debug|Any CPU.ActiveCfg = Debug|Any CPU
		{7E182019-F319-4E9E-82E0-EF6DF3582E54}.Debug|Any CPU.Build.0 = Debug|Any CPU
		{7E182019-F319-4E9E-82E0-EF6DF3582E54}.Debug|x64.ActiveCfg = Debug|Any CPU
		{7E182019-F319-4E9E-82E0-EF6DF3582E54}.Debug|x64.Build.0 = Debug|Any CPU
		{7E182019-F319-4E9E-82E0-EF6DF3582E54}.Debug|x86.ActiveCfg = Debug|Any CPU
		{7E182019-F319-4E9E-82E0-EF6DF3582E54}.Debug|x86.Build.0 = Debug|Any CPU
		{7E182019-F319-4E9E-82E0-EF6DF3582E54}.Release|Any CPU.ActiveCfg = Release|Any CPU
		{7E182019-F319-4E9E-82E0-EF6DF3582E54}.Release|Any CPU.Build.0 = Release|Any CPU
		{7E182019-F319-4E9E-82E0-EF6DF3582E54}.Release|x64.ActiveCfg = Release|Any CPU
		{7E182019-F319-4E9E-82E0-EF6DF3582E54}.Release|x64.Build.0 = Release|Any CPU
		{7E182019-F319-4E9E-82E0-EF6DF3582E54}.Release|x86.ActiveCfg = Release|Any CPU
		{7E182019-F319-4E9E-82E0-EF6DF3582E54}.Release|x86.Build.0 = Release|Any CPU
	EndGlobalSection
	GlobalSection(SolutionProperties) = preSolution
		HideSolutionNode = FALSE
	EndGlobalSection
	GlobalSection(ExtensibilityGlobals) = postSolution
		SolutionGuid = {0C6C23CF-8714-4ADC-A6D6-5655B8579642}
	EndGlobalSection
EndGlobal
